%{"bunt": {:hex, :bunt, "0.1.6", "5d95a6882f73f3b9969fdfd1953798046664e6f77ec4e486e6fafc7caad97c6f", [:mix], []},
  "colorful": {:hex, :colorful, "0.6.0", "52005f84776479bc2ca292fe542e8e00f696048c09e61ba412fdd19db6c7b98e", [:mix], []},
  "credo": {:hex, :credo, "0.3.13", "90d2d2deb9d376bb2a63f81126a320c3920ce65acb1294982ab49a8aacc7d89f", [:mix], [{:bunt, "~> 0.1.4", [hex: :bunt, optional: false]}]},
  "geef": {:git, "https://github.com/ramonsnir/geef.git", "d77ff6bb3c9bac5c03710dec589617c6d47f963b", []},
  "monad": {:hex, :monad, "1.0.5", "bd02263a8dad0894433ca3283ebb6f71a55799e1cd17bda1e8b2ea9e14eeb9c5", [:mix], []},
  "short_maps": {:hex, :short_maps, "0.1.1", "8f32226eeb54df6ebb86efd615e84db57d51934efa0b45f0b0482296993e369d", [:mix], []}}
